
Microsoft Visual Studio Solution File, Format Version 12.00
# Visual Studio 15
VisualStudioVersion = 15.0.28010.2036
MinimumVisualStudioVersion = 10.0.40219.1
Project("{FAE04EC0-301F-11D3-BF4B-00C04F79EFBC}") = "POCServices", "POCServices\POCServices.csproj", "{FABF914E-6FEF-4C68-B317-BC34B1A17F3B}"
EndProject
Project("{FAE04EC0-301F-11D3-BF4B-00C04F79EFBC}") = "POCEntities", "POCEntities\POCEntities.csproj", "{3BF69624-A203-44EA-BE9A-FB7896832937}"
EndProject
Project("{FAE04EC0-301F-11D3-BF4B-00C04F79EFBC}") = "POCDBAccess", "POCDBAccess\POCDBAccess.csproj", "{E6B8A0F8-EC99-4A10-AAF9-8587EF6823E6}"
EndProject
Project("{FAE04EC0-301F-11D3-BF4B-00C04F79EFBC}") = "POCLogger", "POCLogger\POCLogger.csproj", "{63D2C2CF-1A0A-4D88-9A40-87B457E03560}"
EndProject
Global
	GlobalSection(SolutionConfigurationPlatforms) = preSolution
		Debug|Any CPU = Debug|Any CPU
		Release|Any CPU = Release|Any CPU
	EndGlobalSection
	GlobalSection(ProjectConfigurationPlatforms) = postSolution
		{FABF914E-6FEF-4C68-B317-BC34B1A17F3B}.Debug|Any CPU.ActiveCfg = Debug|Any CPU
		{FABF914E-6FEF-4C68-B317-BC34B1A17F3B}.Debug|Any CPU.Build.0 = Debug|Any CPU
		{FABF914E-6FEF-4C68-B317-BC34B1A17F3B}.Release|Any CPU.ActiveCfg = Release|Any CPU
		{FABF914E-6FEF-4C68-B317-BC34B1A17F3B}.Release|Any CPU.Build.0 = Release|Any CPU
		{3BF69624-A203-44EA-BE9A-FB7896832937}.Debug|Any CPU.ActiveCfg = Debug|Any CPU
		{3BF69624-A203-44EA-BE9A-FB7896832937}.Debug|Any CPU.Build.0 = Debug|Any CPU
		{3BF69624-A203-44EA-BE9A-FB7896832937}.Release|Any CPU.ActiveCfg = Release|Any CPU
		{3BF69624-A203-44EA-BE9A-FB7896832937}.Release|Any CPU.Build.0 = Release|Any CPU
		{E6B8A0F8-EC99-4A10-AAF9-8587EF6823E6}.Debug|Any CPU.ActiveCfg = Debug|Any CPU
		{E6B8A0F8-EC99-4A10-AAF9-8587EF6823E6}.Debug|Any CPU.Build.0 = Debug|Any CPU
		{E6B8A0F8-EC99-4A10-AAF9-8587EF6823E6}.Release|Any CPU.ActiveCfg = Release|Any CPU
		{E6B8A0F8-EC99-4A10-AAF9-8587EF6823E6}.Release|Any CPU.Build.0 = Release|Any CPU
		{63D2C2CF-1A0A-4D88-9A40-87B457E03560}.Debug|Any CPU.ActiveCfg = Debug|Any CPU
		{63D2C2CF-1A0A-4D88-9A40-87B457E03560}.Debug|Any CPU.Build.0 = Debug|Any CPU
		{63D2C2CF-1A0A-4D88-9A40-87B457E03560}.Release|Any CPU.ActiveCfg = Release|Any CPU
		{63D2C2CF-1A0A-4D88-9A40-87B457E03560}.Release|Any CPU.Build.0 = Release|Any CPU
	EndGlobalSection
	GlobalSection(SolutionProperties) = preSolution
		HideSolutionNode = FALSE
	EndGlobalSection
	GlobalSection(ExtensibilityGlobals) = postSolution
		SolutionGuid = {C5628F0D-703B-4AD5-8B71-6AD38EE90575}
	EndGlobalSection
EndGlobal
